// !$*UTF8*$!
{
	archiveVersion = 1;
	classes = {
	};
	objectVersion = 46;
	objects = {

/* Begin PBXBuildFile section */
		400253A315389BEA000C24E9 /* RequestBackgroundView.m in Sources */ = {isa = PBXBuildFile; fileRef = 400253A215389BEA000C24E9 /* RequestBackgroundView.m */; };
		4015DBA7153F6D1E008E48B0 /* RequestTemplate.html in Resources */ = {isa = PBXBuildFile; fileRef = 4015DBA5153F6D1E008E48B0 /* RequestTemplate.html */; };
		4015DBBA153FCB38008E48B0 /* PreferencesController.m in Sources */ = {isa = PBXBuildFile; fileRef = 4015DBB9153FCB38008E48B0 /* PreferencesController.m */; };
		4015DBBD1540722C008E48B0 /* Preferences.xib in Resources */ = {isa = PBXBuildFile; fileRef = 4015DBBB1540722C008E48B0 /* Preferences.xib */; };
		401825DA153C8905009C7A6A /* FHSHistoryItem.m in Sources */ = {isa = PBXBuildFile; fileRef = 401825C7153C8905009C7A6A /* FHSHistoryItem.m */; };
		401825DD153C8905009C7A6A /* FHSRequest.m in Sources */ = {isa = PBXBuildFile; fileRef = 401825CE153C8905009C7A6A /* FHSRequest.m */; };
		401825E2153C8905009C7A6A /* HelpSpotController.m in Sources */ = {isa = PBXBuildFile; fileRef = 401825D8153C8905009C7A6A /* HelpSpotController.m */; };
		401825E7153C8A64009C7A6A /* FHSFilter.m in Sources */ = {isa = PBXBuildFile; fileRef = 401825E4153C8A64009C7A6A /* FHSFilter.m */; };
		401825E8153C8A64009C7A6A /* FHSObject.m in Sources */ = {isa = PBXBuildFile; fileRef = 401825E6153C8A64009C7A6A /* FHSObject.m */; };
		401825EB153C8B3E009C7A6A /* FFSSettings.m in Sources */ = {isa = PBXBuildFile; fileRef = 401825EA153C8B3D009C7A6A /* FFSSettings.m */; };
		401825F1153C8B6A009C7A6A /* FFSXMLElement.m in Sources */ = {isa = PBXBuildFile; fileRef = 401825EE153C8B69009C7A6A /* FFSXMLElement.m */; };
		401825F2153C8B6A009C7A6A /* FFSXMLTree.m in Sources */ = {isa = PBXBuildFile; fileRef = 401825F0153C8B6A009C7A6A /* FFSXMLTree.m */; };
		401825F5153C8BB8009C7A6A /* FFSHTMLTagStripper.m in Sources */ = {isa = PBXBuildFile; fileRef = 401825F4153C8BB8009C7A6A /* FFSHTMLTagStripper.m */; };
		40203B67156DD3C300D7AC26 /* FHSStatusTypeCollection.m in Sources */ = {isa = PBXBuildFile; fileRef = 40203B66156DD3C300D7AC26 /* FHSStatusTypeCollection.m */; };
		40203B6A156DE34A00D7AC26 /* NSDictionary+HTTPBodySerialization.m in Sources */ = {isa = PBXBuildFile; fileRef = 40203B69156DE34A00D7AC26 /* NSDictionary+HTTPBodySerialization.m */; };
		4032FFAF1541BDC70013115C /* FHSSubscriptionFilter.m in Sources */ = {isa = PBXBuildFile; fileRef = 4032FFAE1541BDC70013115C /* FHSSubscriptionFilter.m */; };
		4059636815449EBF00D6475D /* RequestListFooterView.m in Sources */ = {isa = PBXBuildFile; fileRef = 4059636715449EBF00D6475D /* RequestListFooterView.m */; };
		4071060115461F01006FDF8F /* FHSFilterStream.m in Sources */ = {isa = PBXBuildFile; fileRef = 4071060015461F01006FDF8F /* FHSFilterStream.m */; };
		4084E92015C60FEF005FE985 /* Credits.md in Resources */ = {isa = PBXBuildFile; fileRef = 4084E91E15C60FEF005FE985 /* Credits.md */; };
		4084E92715C61161005FE985 /* Sparkle.framework in Frameworks */ = {isa = PBXBuildFile; fileRef = 4084E92615C61161005FE985 /* Sparkle.framework */; };
		4084E92915C61195005FE985 /* Sparkle.framework in Copy Frameworks */ = {isa = PBXBuildFile; fileRef = 4084E92615C61161005FE985 /* Sparkle.framework */; };
		4084E92D15C6134D005FE985 /* Helpifier_pub.pem in Resources */ = {isa = PBXBuildFile; fileRef = 4084E92C15C6134D005FE985 /* Helpifier_pub.pem */; };
		4084E94715C72261005FE985 /* connection.png in Resources */ = {isa = PBXBuildFile; fileRef = 4084E94315C72260005FE985 /* connection.png */; };
		4084E94815C72261005FE985 /* connection@2x.png in Resources */ = {isa = PBXBuildFile; fileRef = 4084E94415C72260005FE985 /* connection@2x.png */; };
		4084E94915C72261005FE985 /* speaker.png in Resources */ = {isa = PBXBuildFile; fileRef = 4084E94515C72260005FE985 /* speaker.png */; };
		4084E94A15C72261005FE985 /* speaker@2x.png in Resources */ = {isa = PBXBuildFile; fileRef = 4084E94615C72261005FE985 /* speaker@2x.png */; };
		408C50C81476DA9300244A5F /* Cocoa.framework in Frameworks */ = {isa = PBXBuildFile; fileRef = 408C50C71476DA9300244A5F /* Cocoa.framework */; };
		408C50D21476DA9300244A5F /* InfoPlist.strings in Resources */ = {isa = PBXBuildFile; fileRef = 408C50D01476DA9300244A5F /* InfoPlist.strings */; };
		408C50D41476DA9300244A5F /* main.m in Sources */ = {isa = PBXBuildFile; fileRef = 408C50D31476DA9300244A5F /* main.m */; };
		408C50D81476DA9300244A5F /* Credits.rtf in Resources */ = {isa = PBXBuildFile; fileRef = 408C50D61476DA9300244A5F /* Credits.rtf */; };
		408C50DB1476DA9300244A5F /* HelpifierAppDelegate.m in Sources */ = {isa = PBXBuildFile; fileRef = 408C50DA1476DA9300244A5F /* HelpifierAppDelegate.m */; };
		408C50DE1476DA9400244A5F /* Helpifier.xib in Resources */ = {isa = PBXBuildFile; fileRef = 408C50DC1476DA9400244A5F /* Helpifier.xib */; };
		408D1FFD1544B3840027F40A /* AutoRedrawingView.m in Sources */ = {isa = PBXBuildFile; fileRef = 408D1FFC1544B3840027F40A /* AutoRedrawingView.m */; };
		408D20031544EF5F0027F40A /* RequestUpdateNoticeView.m in Sources */ = {isa = PBXBuildFile; fileRef = 408D20021544EF5F0027F40A /* RequestUpdateNoticeView.m */; };
		408D20051544FB8D0027F40A /* warning.png in Resources */ = {isa = PBXBuildFile; fileRef = 408D20041544FB8D0027F40A /* warning.png */; };
		408D200C15450C280027F40A /* request-update-background-center.png in Resources */ = {isa = PBXBuildFile; fileRef = 408D200915450C280027F40A /* request-update-background-center.png */; };
		408D200D15450C280027F40A /* request-update-background-left.png in Resources */ = {isa = PBXBuildFile; fileRef = 408D200A15450C280027F40A /* request-update-background-left.png */; };
		408D200E15450C280027F40A /* request-update-background-right.png in Resources */ = {isa = PBXBuildFile; fileRef = 408D200B15450C280027F40A /* request-update-background-right.png */; };
		408D20111545DD6A0027F40A /* Notifier.m in Sources */ = {isa = PBXBuildFile; fileRef = 408D20101545DD6A0027F40A /* Notifier.m */; };
		409BAC6B1562C67700E78E2E /* OtherRequestTextField.m in Sources */ = {isa = PBXBuildFile; fileRef = 409BAC6A1562C67700E78E2E /* OtherRequestTextField.m */; };
		40B76705153D071D00F18606 /* WebKit.framework in Frameworks */ = {isa = PBXBuildFile; fileRef = 40B76704153D071D00F18606 /* WebKit.framework */; };
		40B76708153DDAA900F18606 /* unread.png in Resources */ = {isa = PBXBuildFile; fileRef = 40B76707153DDAA900F18606 /* unread.png */; };
		40B7670B153DDAE200F18606 /* RequestCellView.m in Sources */ = {isa = PBXBuildFile; fileRef = 40B7670A153DDAE200F18606 /* RequestCellView.m */; };
		40B7670E153DECEA00F18606 /* RequestController.m in Sources */ = {isa = PBXBuildFile; fileRef = 40B7670D153DECEA00F18606 /* RequestController.m */; };
		40B76711153E03A900F18606 /* Request.xib in Resources */ = {isa = PBXBuildFile; fileRef = 40B7670F153E03A900F18606 /* Request.xib */; };
		40B9C9321572E17D0038C39D /* EMKeychainItem.m in Sources */ = {isa = PBXBuildFile; fileRef = 40B9C9301572E17D0038C39D /* EMKeychainItem.m */; settings = {COMPILER_FLAGS = "-fno-objc-arc"; }; };
		40B9C9331572E17D0038C39D /* ReadMe.rtf in Resources */ = {isa = PBXBuildFile; fileRef = 40B9C9311572E17D0038C39D /* ReadMe.rtf */; };
		40C1EC3D157151EA00810668 /* Security.framework in Frameworks */ = {isa = PBXBuildFile; fileRef = 40C1EC3C157151EA00810668 /* Security.framework */; };
		40C3347C1541C063008DDA88 /* FHSStaff.m in Sources */ = {isa = PBXBuildFile; fileRef = 40C3347B1541C063008DDA88 /* FHSStaff.m */; };
		40E9304E1562E8EA0026866B /* RequestNotFound.xib in Resources */ = {isa = PBXBuildFile; fileRef = 40E9304C1562E8EA0026866B /* RequestNotFound.xib */; };
		40F6177815C5E6A8008A8425 /* Helpifier.icns in Resources */ = {isa = PBXBuildFile; fileRef = 40F6177715C5E6A8008A8425 /* Helpifier.icns */; };
/* End PBXBuildFile section */

/* Begin PBXCopyFilesBuildPhase section */
		4084E92815C61190005FE985 /* Copy Frameworks */ = {
			isa = PBXCopyFilesBuildPhase;
			buildActionMask = 2147483647;
			dstPath = "";
			dstSubfolderSpec = 10;
			files = (
				4084E92915C61195005FE985 /* Sparkle.framework in Copy Frameworks */,
			);
			name = "Copy Frameworks";
			runOnlyForDeploymentPostprocessing = 0;
		};
/* End PBXCopyFilesBuildPhase section */

/* Begin PBXFileReference section */
		400253A115389BEA000C24E9 /* RequestBackgroundView.h */ = {isa = PBXFileReference; fileEncoding = 4; lastKnownFileType = sourcecode.c.h; name = RequestBackgroundView.h; path = View/RequestBackgroundView.h; sourceTree = "<group>"; };
		400253A215389BEA000C24E9 /* RequestBackgroundView.m */ = {isa = PBXFileReference; fileEncoding = 4; lastKnownFileType = sourcecode.c.objc; name = RequestBackgroundView.m; path = View/RequestBackgroundView.m; sourceTree = "<group>"; };
		4015DBA5153F6D1E008E48B0 /* RequestTemplate.html */ = {isa = PBXFileReference; fileEncoding = 4; lastKnownFileType = text.html; path = RequestTemplate.html; sourceTree = "<group>"; };
		4015DBB8153FCB38008E48B0 /* PreferencesController.h */ = {isa = PBXFileReference; fileEncoding = 4; lastKnownFileType = sourcecode.c.h; name = PreferencesController.h; path = Controller/PreferencesController.h; sourceTree = "<group>"; };
		4015DBB9153FCB38008E48B0 /* PreferencesController.m */ = {isa = PBXFileReference; fileEncoding = 4; lastKnownFileType = sourcecode.c.objc; name = PreferencesController.m; path = Controller/PreferencesController.m; sourceTree = "<group>"; };
		4015DBBC1540722C008E48B0 /* en */ = {isa = PBXFileReference; lastKnownFileType = file.xib; name = en; path = en.lproj/Preferences.xib; sourceTree = "<group>"; };
		401825C6153C8905009C7A6A /* FHSHistoryItem.h */ = {isa = PBXFileReference; fileEncoding = 4; lastKnownFileType = sourcecode.c.h; path = FHSHistoryItem.h; sourceTree = "<group>"; };
		401825C7153C8905009C7A6A /* FHSHistoryItem.m */ = {isa = PBXFileReference; fileEncoding = 4; lastKnownFileType = sourcecode.c.objc; path = FHSHistoryItem.m; sourceTree = "<group>"; };
		401825CC153C8905009C7A6A /* FHSModel.h */ = {isa = PBXFileReference; fileEncoding = 4; lastKnownFileType = sourcecode.c.h; path = FHSModel.h; sourceTree = "<group>"; };
		401825CD153C8905009C7A6A /* FHSRequest.h */ = {isa = PBXFileReference; fileEncoding = 4; lastKnownFileType = sourcecode.c.h; path = FHSRequest.h; sourceTree = "<group>"; };
		401825CE153C8905009C7A6A /* FHSRequest.m */ = {isa = PBXFileReference; fileEncoding = 4; lastKnownFileType = sourcecode.c.objc; path = FHSRequest.m; sourceTree = "<group>"; };
		401825D7153C8905009C7A6A /* HelpSpotController.h */ = {isa = PBXFileReference; fileEncoding = 4; lastKnownFileType = sourcecode.c.h; path = HelpSpotController.h; sourceTree = "<group>"; };
		401825D8153C8905009C7A6A /* HelpSpotController.m */ = {isa = PBXFileReference; fileEncoding = 4; lastKnownFileType = sourcecode.c.objc; path = HelpSpotController.m; sourceTree = "<group>"; };
		401825E3153C8A64009C7A6A /* FHSFilter.h */ = {isa = PBXFileReference; fileEncoding = 4; lastKnownFileType = sourcecode.c.h; lineEnding = 0; path = FHSFilter.h; sourceTree = "<group>"; xcLanguageSpecificationIdentifier = xcode.lang.objcpp; };
		401825E4153C8A64009C7A6A /* FHSFilter.m */ = {isa = PBXFileReference; fileEncoding = 4; lastKnownFileType = sourcecode.c.objc; path = FHSFilter.m; sourceTree = "<group>"; };
		401825E5153C8A64009C7A6A /* FHSObject.h */ = {isa = PBXFileReference; fileEncoding = 4; lastKnownFileType = sourcecode.c.h; path = FHSObject.h; sourceTree = "<group>"; };
		401825E6153C8A64009C7A6A /* FHSObject.m */ = {isa = PBXFileReference; fileEncoding = 4; lastKnownFileType = sourcecode.c.objc; path = FHSObject.m; sourceTree = "<group>"; };
		401825E9153C8B3D009C7A6A /* FFSSettings.h */ = {isa = PBXFileReference; fileEncoding = 4; lastKnownFileType = sourcecode.c.h; path = FFSSettings.h; sourceTree = "<group>"; };
		401825EA153C8B3D009C7A6A /* FFSSettings.m */ = {isa = PBXFileReference; fileEncoding = 4; lastKnownFileType = sourcecode.c.objc; path = FFSSettings.m; sourceTree = "<group>"; };
		401825EC153C8B69009C7A6A /* FFSXML.h */ = {isa = PBXFileReference; fileEncoding = 4; lastKnownFileType = sourcecode.c.h; path = FFSXML.h; sourceTree = "<group>"; };
		401825ED153C8B69009C7A6A /* FFSXMLElement.h */ = {isa = PBXFileReference; fileEncoding = 4; lastKnownFileType = sourcecode.c.h; path = FFSXMLElement.h; sourceTree = "<group>"; };
		401825EE153C8B69009C7A6A /* FFSXMLElement.m */ = {isa = PBXFileReference; fileEncoding = 4; lastKnownFileType = sourcecode.c.objc; path = FFSXMLElement.m; sourceTree = "<group>"; };
		401825EF153C8B6A009C7A6A /* FFSXMLTree.h */ = {isa = PBXFileReference; fileEncoding = 4; lastKnownFileType = sourcecode.c.h; path = FFSXMLTree.h; sourceTree = "<group>"; };
		401825F0153C8B6A009C7A6A /* FFSXMLTree.m */ = {isa = PBXFileReference; fileEncoding = 4; lastKnownFileType = sourcecode.c.objc; path = FFSXMLTree.m; sourceTree = "<group>"; };
		401825F3153C8BB8009C7A6A /* FFSHTMLTagStripper.h */ = {isa = PBXFileReference; fileEncoding = 4; lastKnownFileType = sourcecode.c.h; path = FFSHTMLTagStripper.h; sourceTree = "<group>"; };
		401825F4153C8BB8009C7A6A /* FFSHTMLTagStripper.m */ = {isa = PBXFileReference; fileEncoding = 4; lastKnownFileType = sourcecode.c.objc; path = FFSHTMLTagStripper.m; sourceTree = "<group>"; };
		40203B65156DD3C300D7AC26 /* FHSStatusTypeCollection.h */ = {isa = PBXFileReference; fileEncoding = 4; lastKnownFileType = sourcecode.c.h; path = FHSStatusTypeCollection.h; sourceTree = "<group>"; };
		40203B66156DD3C300D7AC26 /* FHSStatusTypeCollection.m */ = {isa = PBXFileReference; fileEncoding = 4; lastKnownFileType = sourcecode.c.objc; path = FHSStatusTypeCollection.m; sourceTree = "<group>"; };
		40203B68156DE34A00D7AC26 /* NSDictionary+HTTPBodySerialization.h */ = {isa = PBXFileReference; fileEncoding = 4; lastKnownFileType = sourcecode.c.h; path = "NSDictionary+HTTPBodySerialization.h"; sourceTree = "<group>"; };
		40203B69156DE34A00D7AC26 /* NSDictionary+HTTPBodySerialization.m */ = {isa = PBXFileReference; fileEncoding = 4; lastKnownFileType = sourcecode.c.objc; path = "NSDictionary+HTTPBodySerialization.m"; sourceTree = "<group>"; };
		4032FFAD1541BDC70013115C /* FHSSubscriptionFilter.h */ = {isa = PBXFileReference; fileEncoding = 4; lastKnownFileType = sourcecode.c.h; path = FHSSubscriptionFilter.h; sourceTree = "<group>"; };
		4032FFAE1541BDC70013115C /* FHSSubscriptionFilter.m */ = {isa = PBXFileReference; fileEncoding = 4; lastKnownFileType = sourcecode.c.objc; path = FHSSubscriptionFilter.m; sourceTree = "<group>"; };
		4059636615449EBF00D6475D /* RequestListFooterView.h */ = {isa = PBXFileReference; fileEncoding = 4; lastKnownFileType = sourcecode.c.h; name = RequestListFooterView.h; path = View/RequestListFooterView.h; sourceTree = "<group>"; };
		4059636715449EBF00D6475D /* RequestListFooterView.m */ = {isa = PBXFileReference; fileEncoding = 4; lastKnownFileType = sourcecode.c.objc; name = RequestListFooterView.m; path = View/RequestListFooterView.m; sourceTree = "<group>"; };
		407105FF15461F01006FDF8F /* FHSFilterStream.h */ = {isa = PBXFileReference; fileEncoding = 4; lastKnownFileType = sourcecode.c.h; path = FHSFilterStream.h; sourceTree = "<group>"; };
		4071060015461F01006FDF8F /* FHSFilterStream.m */ = {isa = PBXFileReference; fileEncoding = 4; lastKnownFileType = sourcecode.c.objc; path = FHSFilterStream.m; sourceTree = "<group>"; };
		4084E91F15C60FEF005FE985 /* en */ = {isa = PBXFileReference; lastKnownFileType = text; name = en; path = en.lproj/Credits.md; sourceTree = "<group>"; };
		4084E92615C61161005FE985 /* Sparkle.framework */ = {isa = PBXFileReference; lastKnownFileType = wrapper.framework; name = Sparkle.framework; path = Helpifier/Sparkle.framework; sourceTree = "<group>"; };
		4084E92C15C6134D005FE985 /* Helpifier_pub.pem */ = {isa = PBXFileReference; fileEncoding = 4; lastKnownFileType = text; path = Helpifier_pub.pem; sourceTree = "<group>"; };
		4084E94315C72260005FE985 /* connection.png */ = {isa = PBXFileReference; lastKnownFileType = image.png; name = connection.png; path = Images/connection.png; sourceTree = "<group>"; };
		4084E94415C72260005FE985 /* connection@2x.png */ = {isa = PBXFileReference; lastKnownFileType = image.png; name = "connection@2x.png"; path = "Images/connection@2x.png"; sourceTree = "<group>"; };
		4084E94515C72260005FE985 /* speaker.png */ = {isa = PBXFileReference; lastKnownFileType = image.png; name = speaker.png; path = Images/speaker.png; sourceTree = "<group>"; };
		4084E94615C72261005FE985 /* speaker@2x.png */ = {isa = PBXFileReference; lastKnownFileType = image.png; name = "speaker@2x.png"; path = "Images/speaker@2x.png"; sourceTree = "<group>"; };
		408C50C31476DA9300244A5F /* Helpifier.app */ = {isa = PBXFileReference; explicitFileType = wrapper.application; includeInIndex = 0; path = Helpifier.app; sourceTree = BUILT_PRODUCTS_DIR; };
		408C50C71476DA9300244A5F /* Cocoa.framework */ = {isa = PBXFileReference; lastKnownFileType = wrapper.framework; name = Cocoa.framework; path = System/Library/Frameworks/Cocoa.framework; sourceTree = SDKROOT; };
		408C50CA1476DA9300244A5F /* AppKit.framework */ = {isa = PBXFileReference; lastKnownFileType = wrapper.framework; name = AppKit.framework; path = System/Library/Frameworks/AppKit.framework; sourceTree = SDKROOT; };
		408C50CB1476DA9300244A5F /* CoreData.framework */ = {isa = PBXFileReference; lastKnownFileType = wrapper.framework; name = CoreData.framework; path = System/Library/Frameworks/CoreData.framework; sourceTree = SDKROOT; };
		408C50CC1476DA9300244A5F /* Foundation.framework */ = {isa = PBXFileReference; lastKnownFileType = wrapper.framework; name = Foundation.framework; path = System/Library/Frameworks/Foundation.framework; sourceTree = SDKROOT; };
		408C50CF1476DA9300244A5F /* Helpifier-Info.plist */ = {isa = PBXFileReference; lastKnownFileType = text.plist.xml; path = "Helpifier-Info.plist"; sourceTree = "<group>"; };
		408C50D11476DA9300244A5F /* en */ = {isa = PBXFileReference; lastKnownFileType = text.plist.strings; name = en; path = en.lproj/InfoPlist.strings; sourceTree = "<group>"; };
		408C50D31476DA9300244A5F /* main.m */ = {isa = PBXFileReference; lastKnownFileType = sourcecode.c.objc; path = main.m; sourceTree = "<group>"; };
		408C50D51476DA9300244A5F /* Helpifier-Prefix.pch */ = {isa = PBXFileReference; lastKnownFileType = sourcecode.c.h; path = "Helpifier-Prefix.pch"; sourceTree = "<group>"; };
		408C50D71476DA9300244A5F /* en */ = {isa = PBXFileReference; lastKnownFileType = text.rtf; name = en; path = en.lproj/Credits.rtf; sourceTree = "<group>"; };
		408C50D91476DA9300244A5F /* HelpifierAppDelegate.h */ = {isa = PBXFileReference; lastKnownFileType = sourcecode.c.h; path = HelpifierAppDelegate.h; sourceTree = "<group>"; };
		408C50DA1476DA9300244A5F /* HelpifierAppDelegate.m */ = {isa = PBXFileReference; lastKnownFileType = sourcecode.c.objc; path = HelpifierAppDelegate.m; sourceTree = "<group>"; };
		408C50DD1476DA9400244A5F /* en */ = {isa = PBXFileReference; lastKnownFileType = file.xib; name = en; path = en.lproj/Helpifier.xib; sourceTree = "<group>"; };
		408D1FFB1544B3840027F40A /* AutoRedrawingView.h */ = {isa = PBXFileReference; fileEncoding = 4; lastKnownFileType = sourcecode.c.h; lineEnding = 0; name = AutoRedrawingView.h; path = View/AutoRedrawingView.h; sourceTree = "<group>"; xcLanguageSpecificationIdentifier = xcode.lang.objcpp; };
		408D1FFC1544B3840027F40A /* AutoRedrawingView.m */ = {isa = PBXFileReference; fileEncoding = 4; lastKnownFileType = sourcecode.c.objc; lineEnding = 0; name = AutoRedrawingView.m; path = View/AutoRedrawingView.m; sourceTree = "<group>"; xcLanguageSpecificationIdentifier = xcode.lang.objc; };
		408D1FFF1544EAC10027F40A /* RequestUpdateNoticeView.h */ = {isa = PBXFileReference; fileEncoding = 4; lastKnownFileType = sourcecode.c.h; name = RequestUpdateNoticeView.h; path = View/RequestUpdateNoticeView.h; sourceTree = "<group>"; };
		408D20021544EF5F0027F40A /* RequestUpdateNoticeView.m */ = {isa = PBXFileReference; fileEncoding = 4; lastKnownFileType = sourcecode.c.objc; name = RequestUpdateNoticeView.m; path = View/RequestUpdateNoticeView.m; sourceTree = "<group>"; };
		408D20041544FB8D0027F40A /* warning.png */ = {isa = PBXFileReference; lastKnownFileType = image.png; name = warning.png; path = Images/warning.png; sourceTree = "<group>"; };
		408D200915450C280027F40A /* request-update-background-center.png */ = {isa = PBXFileReference; lastKnownFileType = image.png; name = "request-update-background-center.png"; path = "Images/request-update-background-center.png"; sourceTree = "<group>"; };
		408D200A15450C280027F40A /* request-update-background-left.png */ = {isa = PBXFileReference; lastKnownFileType = image.png; name = "request-update-background-left.png"; path = "Images/request-update-background-left.png"; sourceTree = "<group>"; };
		408D200B15450C280027F40A /* request-update-background-right.png */ = {isa = PBXFileReference; lastKnownFileType = image.png; name = "request-update-background-right.png"; path = "Images/request-update-background-right.png"; sourceTree = "<group>"; };
		408D200F1545DD6A0027F40A /* Notifier.h */ = {isa = PBXFileReference; fileEncoding = 4; lastKnownFileType = sourcecode.c.h; name = Notifier.h; path = Controller/Notifier.h; sourceTree = "<group>"; };
		408D20101545DD6A0027F40A /* Notifier.m */ = {isa = PBXFileReference; fileEncoding = 4; lastKnownFileType = sourcecode.c.objc; name = Notifier.m; path = Controller/Notifier.m; sourceTree = "<group>"; };
		409BAC691562C67700E78E2E /* OtherRequestTextField.h */ = {isa = PBXFileReference; fileEncoding = 4; lastKnownFileType = sourcecode.c.h; path = OtherRequestTextField.h; sourceTree = "<group>"; };
		409BAC6A1562C67700E78E2E /* OtherRequestTextField.m */ = {isa = PBXFileReference; fileEncoding = 4; lastKnownFileType = sourcecode.c.objc; path = OtherRequestTextField.m; sourceTree = "<group>"; };
		40B76704153D071D00F18606 /* WebKit.framework */ = {isa = PBXFileReference; lastKnownFileType = wrapper.framework; name = WebKit.framework; path = System/Library/Frameworks/WebKit.framework; sourceTree = SDKROOT; };
		40B76707153DDAA900F18606 /* unread.png */ = {isa = PBXFileReference; lastKnownFileType = image.png; name = unread.png; path = Images/unread.png; sourceTree = "<group>"; };
		40B76709153DDAE200F18606 /* RequestCellView.h */ = {isa = PBXFileReference; fileEncoding = 4; lastKnownFileType = sourcecode.c.h; path = RequestCellView.h; sourceTree = "<group>"; };
		40B7670A153DDAE200F18606 /* RequestCellView.m */ = {isa = PBXFileReference; fileEncoding = 4; lastKnownFileType = sourcecode.c.objc; path = RequestCellView.m; sourceTree = "<group>"; };
		40B7670C153DECEA00F18606 /* RequestController.h */ = {isa = PBXFileReference; fileEncoding = 4; lastKnownFileType = sourcecode.c.h; name = RequestController.h; path = Controller/RequestController.h; sourceTree = "<group>"; };
		40B7670D153DECEA00F18606 /* RequestController.m */ = {isa = PBXFileReference; fileEncoding = 4; lastKnownFileType = sourcecode.c.objc; name = RequestController.m; path = Controller/RequestController.m; sourceTree = "<group>"; };
		40B76710153E03A900F18606 /* en */ = {isa = PBXFileReference; lastKnownFileType = file.xib; name = en; path = en.lproj/Request.xib; sourceTree = "<group>"; };
		40B9C92F1572E17D0038C39D /* EMKeychainItem.h */ = {isa = PBXFileReference; fileEncoding = 4; lastKnownFileType = sourcecode.c.h; path = EMKeychainItem.h; sourceTree = "<group>"; };
		40B9C9301572E17D0038C39D /* EMKeychainItem.m */ = {isa = PBXFileReference; fileEncoding = 4; lastKnownFileType = sourcecode.c.objc; path = EMKeychainItem.m; sourceTree = "<group>"; };
		40B9C9311572E17D0038C39D /* ReadMe.rtf */ = {isa = PBXFileReference; fileEncoding = 4; lastKnownFileType = text.rtf; path = ReadMe.rtf; sourceTree = "<group>"; };
		40C1EC3C157151EA00810668 /* Security.framework */ = {isa = PBXFileReference; lastKnownFileType = wrapper.framework; name = Security.framework; path = Platforms/MacOSX.platform/Developer/SDKs/MacOSX10.7.sdk/System/Library/Frameworks/Security.framework; sourceTree = DEVELOPER_DIR; };
		40C3347A1541C063008DDA88 /* FHSStaff.h */ = {isa = PBXFileReference; fileEncoding = 4; lastKnownFileType = sourcecode.c.h; path = FHSStaff.h; sourceTree = "<group>"; };
		40C3347B1541C063008DDA88 /* FHSStaff.m */ = {isa = PBXFileReference; fileEncoding = 4; lastKnownFileType = sourcecode.c.objc; path = FHSStaff.m; sourceTree = "<group>"; };
		40E9304D1562E8EA0026866B /* en */ = {isa = PBXFileReference; lastKnownFileType = file.xib; name = en; path = en.lproj/RequestNotFound.xib; sourceTree = "<group>"; };
		40F6177715C5E6A8008A8425 /* Helpifier.icns */ = {isa = PBXFileReference; lastKnownFileType = image.icns; path = Helpifier.icns; sourceTree = "<group>"; };
/* End PBXFileReference section */

/* Begin PBXFrameworksBuildPhase section */
		408C50C01476DA9300244A5F /* Frameworks */ = {
			isa = PBXFrameworksBuildPhase;
			buildActionMask = 2147483647;
			files = (
				4084E92715C61161005FE985 /* Sparkle.framework in Frameworks */,
				40C1EC3D157151EA00810668 /* Security.framework in Frameworks */,
				40B76705153D071D00F18606 /* WebKit.framework in Frameworks */,
				408C50C81476DA9300244A5F /* Cocoa.framework in Frameworks */,
			);
			runOnlyForDeploymentPostprocessing = 0;
		};
/* End PBXFrameworksBuildPhase section */

/* Begin PBXGroup section */
		4002536E15389A4F000C24E9 /* Controller */ = {
			isa = PBXGroup;
			children = (
				408C50D91476DA9300244A5F /* HelpifierAppDelegate.h */,
				408C50DA1476DA9300244A5F /* HelpifierAppDelegate.m */,
				4015DBB8153FCB38008E48B0 /* PreferencesController.h */,
				4015DBB9153FCB38008E48B0 /* PreferencesController.m */,
				40B7670C153DECEA00F18606 /* RequestController.h */,
				40B7670D153DECEA00F18606 /* RequestController.m */,
				408D200F1545DD6A0027F40A /* Notifier.h */,
				408D20101545DD6A0027F40A /* Notifier.m */,
			);
			name = Controller;
			sourceTree = "<group>";
		};
		4002537515389B19000C24E9 /* View */ = {
			isa = PBXGroup;
			children = (
				408D1FFB1544B3840027F40A /* AutoRedrawingView.h */,
				408D1FFC1544B3840027F40A /* AutoRedrawingView.m */,
				400253A115389BEA000C24E9 /* RequestBackgroundView.h */,
				400253A215389BEA000C24E9 /* RequestBackgroundView.m */,
				40B76709153DDAE200F18606 /* RequestCellView.h */,
				40B7670A153DDAE200F18606 /* RequestCellView.m */,
				4059636615449EBF00D6475D /* RequestListFooterView.h */,
				4059636715449EBF00D6475D /* RequestListFooterView.m */,
				408D1FFF1544EAC10027F40A /* RequestUpdateNoticeView.h */,
				408D20021544EF5F0027F40A /* RequestUpdateNoticeView.m */,
				409BAC691562C67700E78E2E /* OtherRequestTextField.h */,
				409BAC6A1562C67700E78E2E /* OtherRequestTextField.m */,
			);
			name = View;
			sourceTree = "<group>";
		};
		401825C2153C88F7009C7A6A /* HelpSpot */ = {
			isa = PBXGroup;
			children = (
				401825D7153C8905009C7A6A /* HelpSpotController.h */,
				401825D8153C8905009C7A6A /* HelpSpotController.m */,
				401825CC153C8905009C7A6A /* FHSModel.h */,
				401825E5153C8A64009C7A6A /* FHSObject.h */,
				401825E6153C8A64009C7A6A /* FHSObject.m */,
				40C3347A1541C063008DDA88 /* FHSStaff.h */,
				40C3347B1541C063008DDA88 /* FHSStaff.m */,
				401825E3153C8A64009C7A6A /* FHSFilter.h */,
				401825E4153C8A64009C7A6A /* FHSFilter.m */,
				4032FFAD1541BDC70013115C /* FHSSubscriptionFilter.h */,
				4032FFAE1541BDC70013115C /* FHSSubscriptionFilter.m */,
				407105FF15461F01006FDF8F /* FHSFilterStream.h */,
				4071060015461F01006FDF8F /* FHSFilterStream.m */,
				401825CD153C8905009C7A6A /* FHSRequest.h */,
				401825CE153C8905009C7A6A /* FHSRequest.m */,
				401825C6153C8905009C7A6A /* FHSHistoryItem.h */,
				401825C7153C8905009C7A6A /* FHSHistoryItem.m */,
				40203B65156DD3C300D7AC26 /* FHSStatusTypeCollection.h */,
				40203B66156DD3C300D7AC26 /* FHSStatusTypeCollection.m */,
				40203B6B156DE35B00D7AC26 /* Supporting */,
			);
			name = HelpSpot;
			sourceTree = "<group>";
		};
		401825F6153C8BC6009C7A6A /* XML Parsing */ = {
			isa = PBXGroup;
			children = (
				401825EC153C8B69009C7A6A /* FFSXML.h */,
				401825F3153C8BB8009C7A6A /* FFSHTMLTagStripper.h */,
				401825F4153C8BB8009C7A6A /* FFSHTMLTagStripper.m */,
				401825ED153C8B69009C7A6A /* FFSXMLElement.h */,
				401825EE153C8B69009C7A6A /* FFSXMLElement.m */,
				401825EF153C8B6A009C7A6A /* FFSXMLTree.h */,
				401825F0153C8B6A009C7A6A /* FFSXMLTree.m */,
			);
			name = "XML Parsing";
			sourceTree = "<group>";
		};
		40203B6B156DE35B00D7AC26 /* Supporting */ = {
			isa = PBXGroup;
			children = (
				40203B68156DE34A00D7AC26 /* NSDictionary+HTTPBodySerialization.h */,
				40203B69156DE34A00D7AC26 /* NSDictionary+HTTPBodySerialization.m */,
			);
			name = Supporting;
			sourceTree = "<group>";
		};
		4084E93E15C720E8005FE985 /* 2x */ = {
			isa = PBXGroup;
			children = (
				4084E94415C72260005FE985 /* connection@2x.png */,
				4084E94615C72261005FE985 /* speaker@2x.png */,
			);
			name = 2x;
			sourceTree = "<group>";
		};
		408C50B81476DA9300244A5F = {
			isa = PBXGroup;
			children = (
				408C50CD1476DA9300244A5F /* Helpifier */,
				408C50C61476DA9300244A5F /* Frameworks */,
				408C50C41476DA9300244A5F /* Products */,
			);
			sourceTree = "<group>";
		};
		408C50C41476DA9300244A5F /* Products */ = {
			isa = PBXGroup;
			children = (
				408C50C31476DA9300244A5F /* Helpifier.app */,
			);
			name = Products;
			sourceTree = "<group>";
		};
		408C50C61476DA9300244A5F /* Frameworks */ = {
			isa = PBXGroup;
			children = (
				4084E92615C61161005FE985 /* Sparkle.framework */,
				40C1EC3C157151EA00810668 /* Security.framework */,
				408C50C71476DA9300244A5F /* Cocoa.framework */,
				40B76704153D071D00F18606 /* WebKit.framework */,
				408C50C91476DA9300244A5F /* Other Frameworks */,
			);
			name = Frameworks;
			sourceTree = "<group>";
		};
		408C50C91476DA9300244A5F /* Other Frameworks */ = {
			isa = PBXGroup;
			children = (
				408C50CA1476DA9300244A5F /* AppKit.framework */,
				408C50CB1476DA9300244A5F /* CoreData.framework */,
				408C50CC1476DA9300244A5F /* Foundation.framework */,
			);
			name = "Other Frameworks";
			sourceTree = "<group>";
		};
		408C50CD1476DA9300244A5F /* Helpifier */ = {
			isa = PBXGroup;
			children = (
				401825E9153C8B3D009C7A6A /* FFSSettings.h */,
				401825EA153C8B3D009C7A6A /* FFSSettings.m */,
				401825F6153C8BC6009C7A6A /* XML Parsing */,
				401825C2153C88F7009C7A6A /* HelpSpot */,
				4002536E15389A4F000C24E9 /* Controller */,
				4002537515389B19000C24E9 /* View */,
				40B9C92C1572E15A0038C39D /* Third-Party */,
				408C50DC1476DA9400244A5F /* Helpifier.xib */,
				40E9304C1562E8EA0026866B /* RequestNotFound.xib */,
				40B7670F153E03A900F18606 /* Request.xib */,
				4015DBBB1540722C008E48B0 /* Preferences.xib */,
				408C50CE1476DA9300244A5F /* Supporting Files */,
			);
			path = Helpifier;
			sourceTree = "<group>";
		};
		408C50CE1476DA9300244A5F /* Supporting Files */ = {
			isa = PBXGroup;
			children = (
				40F6177715C5E6A8008A8425 /* Helpifier.icns */,
				408D200615450B6E0027F40A /* Images */,
				4015DBA5153F6D1E008E48B0 /* RequestTemplate.html */,
				408C50CF1476DA9300244A5F /* Helpifier-Info.plist */,
				408C50D01476DA9300244A5F /* InfoPlist.strings */,
				408C50D31476DA9300244A5F /* main.m */,
				408C50D51476DA9300244A5F /* Helpifier-Prefix.pch */,
				4084E91E15C60FEF005FE985 /* Credits.md */,
				408C50D61476DA9300244A5F /* Credits.rtf */,
				4084E92C15C6134D005FE985 /* Helpifier_pub.pem */,
			);
			name = "Supporting Files";
			sourceTree = "<group>";
		};
		408D200615450B6E0027F40A /* Images */ = {
			isa = PBXGroup;
			children = (
				4084E93E15C720E8005FE985 /* 2x */,
				4084E94315C72260005FE985 /* connection.png */,
				4084E94515C72260005FE985 /* speaker.png */,
				40B76707153DDAA900F18606 /* unread.png */,
				408D20041544FB8D0027F40A /* warning.png */,
				408D200915450C280027F40A /* request-update-background-center.png */,
				408D200A15450C280027F40A /* request-update-background-left.png */,
				408D200B15450C280027F40A /* request-update-background-right.png */,
			);
			name = Images;
			sourceTree = "<group>";
		};
		40B9C92C1572E15A0038C39D /* Third-Party */ = {
			isa = PBXGroup;
			children = (
				40B9C92E1572E17D0038C39D /* EMKeychain */,
			);
			name = "Third-Party";
			sourceTree = "<group>";
		};
		40B9C92E1572E17D0038C39D /* EMKeychain */ = {
			isa = PBXGroup;
			children = (
				40B9C92F1572E17D0038C39D /* EMKeychainItem.h */,
				40B9C9301572E17D0038C39D /* EMKeychainItem.m */,
				40B9C9311572E17D0038C39D /* ReadMe.rtf */,
			);
			path = EMKeychain;
			sourceTree = "<group>";
		};
/* End PBXGroup section */

/* Begin PBXNativeTarget section */
		408C50C21476DA9300244A5F /* Helpifier */ = {
			isa = PBXNativeTarget;
			buildConfigurationList = 408C50E11476DA9400244A5F /* Build configuration list for PBXNativeTarget "Helpifier" */;
			buildPhases = (
				40F6177215C5CA3B008A8425 /* Increment build number */,
				408C50BF1476DA9300244A5F /* Sources */,
				408C50C01476DA9300244A5F /* Frameworks */,
				408C50C11476DA9300244A5F /* Resources */,
				4084E92815C61190005FE985 /* Copy Frameworks */,
			);
			buildRules = (
			);
			dependencies = (
			);
			name = Helpifier;
			productName = Helpifier;
			productReference = 408C50C31476DA9300244A5F /* Helpifier.app */;
			productType = "com.apple.product-type.application";
		};
/* End PBXNativeTarget section */

/* Begin PBXProject section */
		408C50BA1476DA9300244A5F /* Project object */ = {
			isa = PBXProject;
			attributes = {
				LastUpgradeCheck = 0420;
				ORGANIZATIONNAME = "Figure 53";
			};
			buildConfigurationList = 408C50BD1476DA9300244A5F /* Build configuration list for PBXProject "Helpifier" */;
			compatibilityVersion = "Xcode 3.2";
			developmentRegion = English;
			hasScannedForEncodings = 0;
			knownRegions = (
				en,
			);
			mainGroup = 408C50B81476DA9300244A5F;
			productRefGroup = 408C50C41476DA9300244A5F /* Products */;
			projectDirPath = "";
			projectRoot = "";
			targets = (
				408C50C21476DA9300244A5F /* Helpifier */,
			);
		};
/* End PBXProject section */

/* Begin PBXResourcesBuildPhase section */
		408C50C11476DA9300244A5F /* Resources */ = {
			isa = PBXResourcesBuildPhase;
			buildActionMask = 2147483647;
			files = (
				408C50D21476DA9300244A5F /* InfoPlist.strings in Resources */,
				408C50D81476DA9300244A5F /* Credits.rtf in Resources */,
				408C50DE1476DA9400244A5F /* Helpifier.xib in Resources */,
				40B76708153DDAA900F18606 /* unread.png in Resources */,
				40B76711153E03A900F18606 /* Request.xib in Resources */,
				4015DBA7153F6D1E008E48B0 /* RequestTemplate.html in Resources */,
				4015DBBD1540722C008E48B0 /* Preferences.xib in Resources */,
				408D20051544FB8D0027F40A /* warning.png in Resources */,
				408D200C15450C280027F40A /* request-update-background-center.png in Resources */,
				408D200D15450C280027F40A /* request-update-background-left.png in Resources */,
				408D200E15450C280027F40A /* request-update-background-right.png in Resources */,
				40E9304E1562E8EA0026866B /* RequestNotFound.xib in Resources */,
				40B9C9331572E17D0038C39D /* ReadMe.rtf in Resources */,
				40F6177815C5E6A8008A8425 /* Helpifier.icns in Resources */,
				4084E92015C60FEF005FE985 /* Credits.md in Resources */,
				4084E92D15C6134D005FE985 /* Helpifier_pub.pem in Resources */,
				4084E94715C72261005FE985 /* connection.png in Resources */,
				4084E94815C72261005FE985 /* connection@2x.png in Resources */,
				4084E94915C72261005FE985 /* speaker.png in Resources */,
				4084E94A15C72261005FE985 /* speaker@2x.png in Resources */,
			);
			runOnlyForDeploymentPostprocessing = 0;
		};
/* End PBXResourcesBuildPhase section */

/* Begin PBXShellScriptBuildPhase section */
		40F6177215C5CA3B008A8425 /* Increment build number */ = {
			isa = PBXShellScriptBuildPhase;
			buildActionMask = 2147483647;
			files = (
			);
			inputPaths = (
			);
			name = "Increment build number";
			outputPaths = (
			);
			runOnlyForDeploymentPostprocessing = 0;
			shellPath = /bin/sh;
			shellScript = "# Auto Increment Version Script, adapted from http://stackoverflow.com/questions/7371345/xcode-projects-build-number\nbuildPlist=${INFOPLIST_FILE}\nCFBundleVersion=$(/usr/libexec/PlistBuddy -c \"Print CFBundleVersion\" $buildPlist)\nCFBundleVersion=$(($CFBundleVersion + 1))\n/usr/libexec/PlistBuddy -c \"Set :CFBundleVersion $CFBundleVersion\" $buildPlist\nCFBuildDate=$(date +%Y%m%d%H%M%S)\n/usr/libexec/PlistBuddy -c \"Set :CFBundleVersion $CFBundleVersion\" $buildPlist\n";
		};
/* End PBXShellScriptBuildPhase section */

/* Begin PBXSourcesBuildPhase section */
		408C50BF1476DA9300244A5F /* Sources */ = {
			isa = PBXSourcesBuildPhase;
			buildActionMask = 2147483647;
			files = (
				408C50D41476DA9300244A5F /* main.m in Sources */,
				408C50DB1476DA9300244A5F /* HelpifierAppDelegate.m in Sources */,
				400253A315389BEA000C24E9 /* RequestBackgroundView.m in Sources */,
				401825DA153C8905009C7A6A /* FHSHistoryItem.m in Sources */,
				401825DD153C8905009C7A6A /* FHSRequest.m in Sources */,
				401825E2153C8905009C7A6A /* HelpSpotController.m in Sources */,
				401825E7153C8A64009C7A6A /* FHSFilter.m in Sources */,
				401825E8153C8A64009C7A6A /* FHSObject.m in Sources */,
				401825EB153C8B3E009C7A6A /* FFSSettings.m in Sources */,
				401825F1153C8B6A009C7A6A /* FFSXMLElement.m in Sources */,
				401825F2153C8B6A009C7A6A /* FFSXMLTree.m in Sources */,
				401825F5153C8BB8009C7A6A /* FFSHTMLTagStripper.m in Sources */,
				40B7670B153DDAE200F18606 /* RequestCellView.m in Sources */,
				40B7670E153DECEA00F18606 /* RequestController.m in Sources */,
				4015DBBA153FCB38008E48B0 /* PreferencesController.m in Sources */,
				4032FFAF1541BDC70013115C /* FHSSubscriptionFilter.m in Sources */,
				40C3347C1541C063008DDA88 /* FHSStaff.m in Sources */,
				4059636815449EBF00D6475D /* RequestListFooterView.m in Sources */,
				408D1FFD1544B3840027F40A /* AutoRedrawingView.m in Sources */,
				408D20031544EF5F0027F40A /* RequestUpdateNoticeView.m in Sources */,
				408D20111545DD6A0027F40A /* Notifier.m in Sources */,
				4071060115461F01006FDF8F /* FHSFilterStream.m in Sources */,
				409BAC6B1562C67700E78E2E /* OtherRequestTextField.m in Sources */,
				40203B67156DD3C300D7AC26 /* FHSStatusTypeCollection.m in Sources */,
				40203B6A156DE34A00D7AC26 /* NSDictionary+HTTPBodySerialization.m in Sources */,
				40B9C9321572E17D0038C39D /* EMKeychainItem.m in Sources */,
			);
			runOnlyForDeploymentPostprocessing = 0;
		};
/* End PBXSourcesBuildPhase section */

/* Begin PBXVariantGroup section */
		4015DBBB1540722C008E48B0 /* Preferences.xib */ = {
			isa = PBXVariantGroup;
			children = (
				4015DBBC1540722C008E48B0 /* en */,
			);
			name = Preferences.xib;
			sourceTree = "<group>";
		};
		4084E91E15C60FEF005FE985 /* Credits.md */ = {
			isa = PBXVariantGroup;
			children = (
				4084E91F15C60FEF005FE985 /* en */,
			);
			name = Credits.md;
			sourceTree = "<group>";
		};
		408C50D01476DA9300244A5F /* InfoPlist.strings */ = {
			isa = PBXVariantGroup;
			children = (
				408C50D11476DA9300244A5F /* en */,
			);
			name = InfoPlist.strings;
			sourceTree = "<group>";
		};
		408C50D61476DA9300244A5F /* Credits.rtf */ = {
			isa = PBXVariantGroup;
			children = (
				408C50D71476DA9300244A5F /* en */,
			);
			name = Credits.rtf;
			sourceTree = "<group>";
		};
		408C50DC1476DA9400244A5F /* Helpifier.xib */ = {
			isa = PBXVariantGroup;
			children = (
				408C50DD1476DA9400244A5F /* en */,
			);
			name = Helpifier.xib;
			sourceTree = "<group>";
		};
		40B7670F153E03A900F18606 /* Request.xib */ = {
			isa = PBXVariantGroup;
			children = (
				40B76710153E03A900F18606 /* en */,
			);
			name = Request.xib;
			sourceTree = "<group>";
		};
		40E9304C1562E8EA0026866B /* RequestNotFound.xib */ = {
			isa = PBXVariantGroup;
			children = (
				40E9304D1562E8EA0026866B /* en */,
			);
			name = RequestNotFound.xib;
			sourceTree = "<group>";
		};
/* End PBXVariantGroup section */

/* Begin XCBuildConfiguration section */
		408C50DF1476DA9400244A5F /* Debug */ = {
			isa = XCBuildConfiguration;
			buildSettings = {
				ALWAYS_SEARCH_USER_PATHS = NO;
				ARCHS = "$(ARCHS_STANDARD_64_BIT)";
				CLANG_ENABLE_OBJC_ARC = YES;
				COPY_PHASE_STRIP = NO;
				GCC_C_LANGUAGE_STANDARD = gnu99;
				GCC_DYNAMIC_NO_PIC = NO;
				GCC_ENABLE_OBJC_EXCEPTIONS = YES;
				GCC_OPTIMIZATION_LEVEL = 0;
				GCC_PREPROCESSOR_DEFINITIONS = (
					"DEBUG=1",
					"$(inherited)",
				);
				GCC_SYMBOLS_PRIVATE_EXTERN = NO;
				GCC_VERSION = com.apple.compilers.llvm.clang.1_0;
				GCC_WARN_64_TO_32_BIT_CONVERSION = YES;
				GCC_WARN_ABOUT_MISSING_PROTOTYPES = YES;
				GCC_WARN_ABOUT_RETURN_TYPE = YES;
				GCC_WARN_UNUSED_VARIABLE = YES;
				MACOSX_DEPLOYMENT_TARGET = 10.7;
				ONLY_ACTIVE_ARCH = YES;
				SDKROOT = macosx;
			};
			name = Debug;
		};
		408C50E01476DA9400244A5F /* Release */ = {
			isa = XCBuildConfiguration;
			buildSettings = {
				ALWAYS_SEARCH_USER_PATHS = NO;
				ARCHS = "$(ARCHS_STANDARD_64_BIT)";
				CLANG_ENABLE_OBJC_ARC = YES;
				COPY_PHASE_STRIP = YES;
				DEBUG_INFORMATION_FORMAT = "dwarf-with-dsym";
				GCC_C_LANGUAGE_STANDARD = gnu99;
				GCC_ENABLE_OBJC_EXCEPTIONS = YES;
				GCC_VERSION = com.apple.compilers.llvm.clang.1_0;
				GCC_WARN_64_TO_32_BIT_CONVERSION = YES;
				GCC_WARN_ABOUT_MISSING_PROTOTYPES = YES;
				GCC_WARN_ABOUT_RETURN_TYPE = YES;
				GCC_WARN_UNUSED_VARIABLE = YES;
				MACOSX_DEPLOYMENT_TARGET = 10.7;
				SDKROOT = macosx;
			};
			name = Release;
		};
		408C50E21476DA9400244A5F /* Debug */ = {
			isa = XCBuildConfiguration;
			buildSettings = {
				CODE_SIGN_IDENTITY = "3rd Party Mac Developer Application";
				FRAMEWORK_SEARCH_PATHS = (
					"$(inherited)",
					"\"$(SRCROOT)/Helpifier\"",
				);
				GCC_PRECOMPILE_PREFIX_HEADER = YES;
				GCC_PREFIX_HEADER = "Helpifier/Helpifier-Prefix.pch";
				INFOPLIST_FILE = "Helpifier/Helpifier-Info.plist";
				PRODUCT_NAME = "$(TARGET_NAME)";
				PROVISIONING_PROFILE = "";
				SDKROOT = macosx10.7;
				WRAPPER_EXTENSION = app;
			};
			name = Debug;
		};
		408C50E31476DA9400244A5F /* Release */ = {
			isa = XCBuildConfiguration;
			buildSettings = {
				CODE_SIGN_IDENTITY = "3rd Party Mac Developer Application";
				FRAMEWORK_SEARCH_PATHS = (
					"$(inherited)",
					"\"$(SRCROOT)/Helpifier\"",
				);
				GCC_PRECOMPILE_PREFIX_HEADER = YES;
				GCC_PREFIX_HEADER = "Helpifier/Helpifier-Prefix.pch";
				INFOPLIST_FILE = "Helpifier/Helpifier-Info.plist";
				PRODUCT_NAME = "$(TARGET_NAME)";
				PROVISIONING_PROFILE = "";
				SDKROOT = macosx10.7;
				WRAPPER_EXTENSION = app;
			};
			name = Release;
		};
/* End XCBuildConfiguration section */

/* Begin XCConfigurationList section */
		408C50BD1476DA9300244A5F /* Build configuration list for PBXProject "Helpifier" */ = {
			isa = XCConfigurationList;
			buildConfigurations = (
				408C50DF1476DA9400244A5F /* Debug */,
				408C50E01476DA9400244A5F /* Release */,
			);
			defaultConfigurationIsVisible = 0;
			defaultConfigurationName = Release;
		};
		408C50E11476DA9400244A5F /* Build configuration list for PBXNativeTarget "Helpifier" */ = {
			isa = XCConfigurationList;
			buildConfigurations = (
				408C50E21476DA9400244A5F /* Debug */,
				408C50E31476DA9400244A5F /* Release */,
			);
			defaultConfigurationIsVisible = 0;
			defaultConfigurationName = Release;
		};
/* End XCConfigurationList section */
	};
	rootObject = 408C50BA1476DA9300244A5F /* Project object */;
}
